{
  "name": "stustapay",
  "lockfileVersion": 2,
  "requires": true,
  "packages": {
    "": {
      "dependencies": {
        "iban": "^0.0.14"
      },
      "devDependencies": {
        "@types/iban": "^0.0.32"
      }
    },
    "node_modules/@types/iban": {
      "version": "0.0.32",
      "resolved": "https://registry.npmjs.org/@types/iban/-/iban-0.0.32.tgz",
      "integrity": "sha512-GhyJ+IVOC/eFfARnYd8wjL9dKvlQU+amhml0UxgSzTr/13V11op+nVVdkyqEipHYoqJZv4RHWLfkMmZrCgjjCA==",
      "dev": true
    },
    "node_modules/iban": {
      "version": "0.0.14",
      "resolved": "https://registry.npmjs.org/iban/-/iban-0.0.14.tgz",
      "integrity": "sha512-+rocNKk+Ga9m8Lr9fTMWd+87JnsBrucm0ZsIx5ROOarZlaDLmd+FKdbtvb0XyoBw9GAFOYG2GuLqoNB16d+p3w=="
    }
  },
  "dependencies": {
    "@types/iban": {
      "version": "0.0.32",
      "resolved": "https://registry.npmjs.org/@types/iban/-/iban-0.0.32.tgz",
      "integrity": "sha512-GhyJ+IVOC/eFfARnYd8wjL9dKvlQU+amhml0UxgSzTr/13V11op+nVVdkyqEipHYoqJZv4RHWLfkMmZrCgjjCA==",
      "dev": true
    },
    "iban": {
      "version": "0.0.14",
      "resolved": "https://registry.npmjs.org/iban/-/iban-0.0.14.tgz",
      "integrity": "sha512-+rocNKk+Ga9m8Lr9fTMWd+87JnsBrucm0ZsIx5ROOarZlaDLmd+FKdbtvb0XyoBw9GAFOYG2GuLqoNB16d+p3w=="
    }
  }
}
